
Microsoft Visual Studio Solution File, Format Version 12.00
# Visual Studio 14
VisualStudioVersion = 14.0.25420.1
MinimumVisualStudioVersion = 10.0.40219.1
Project("{E24C65DC-7377-472B-9ABA-BC803B73C61A}") = "30012023", ".", "{19A1D7FE-539E-4E19-831C-293E90F091D8}"
	ProjectSection(WebsiteProperties) = preProject
		TargetFrameworkMoniker = ".NETFramework,Version%3Dv4.5"
		Debug.AspNetCompiler.VirtualPath = "/17"
		Debug.AspNetCompiler.PhysicalPath = "..\30012023\"
		Debug.AspNetCompiler.TargetPath = "PrecompiledWeb\07\04\17\"
		Debug.AspNetCompiler.Updateable = "true"
		Debug.AspNetCompiler.ForceOverwrite = "true"
		Debug.AspNetCompiler.FixedNames = "false"
		Debug.AspNetCompiler.Debug = "True"
		Release.AspNetCompiler.VirtualPath = "/17"
		Release.AspNetCompiler.PhysicalPath = "..\30012023\"
		Release.AspNetCompiler.TargetPath = "PrecompiledWeb\07\04\17\"
		Release.AspNetCompiler.Updateable = "true"
		Release.AspNetCompiler.ForceOverwrite = "true"
		Release.AspNetCompiler.FixedNames = "false"
		Release.AspNetCompiler.Debug = "False"
		VWDPort = "1025"
		SlnRelativePath = "..\30012023\"
	EndProjectSection
EndProject
Global
	GlobalSection(SolutionConfigurationPlatforms) = preSolution
		Debug|Any CPU = Debug|Any CPU
	EndGlobalSection
	GlobalSection(ProjectConfigurationPlatforms) = postSolution
		{19A1D7FE-539E-4E19-831C-293E90F091D8}.Debug|Any CPU.ActiveCfg = Debug|Any CPU
		{19A1D7FE-539E-4E19-831C-293E90F091D8}.Debug|Any CPU.Build.0 = Debug|Any CPU
	EndGlobalSection
	GlobalSection(SolutionProperties) = preSolution
		HideSolutionNode = FALSE
	EndGlobalSection
	GlobalSection(ExtensibilityGlobals) = postSolution
		SolutionGuid = {D60947AF-944F-43E0-9E75-2E56C6A5DA18}
		VisualSVNWorkingCopyRoot = .
	EndGlobalSection
EndGlobal
